
Microsoft Visual Studio Solution File, Format Version 12.00
# Visual Studio Version 17
VisualStudioVersion = 17.3.32825.248
MinimumVisualStudioVersion = 10.0.40219.1
Project("{FAE04EC0-301F-11D3-BF4B-00C04F79EFBC}") = "Odev2708Sehirler", "Odev2708Sehirler\Odev2708Sehirler.csproj", "{5CD7C0EF-2E7A-48F3-8960-2A6B0ED64A67}"
EndProject
Project("{FAE04EC0-301F-11D3-BF4B-00C04F79EFBC}") = "DataAccessLayer", "DataAccessLayer\DataAccessLayer.csproj", "{16989575-B44E-4ECB-968C-A4C86DECDBC4}"
EndProject
Global
	GlobalSection(SolutionConfigurationPlatforms) = preSolution
		Debug|Any CPU = Debug|Any CPU
		Release|Any CPU = Release|Any CPU
	EndGlobalSection
	GlobalSection(ProjectConfigurationPlatforms) = postSolution
		{5CD7C0EF-2E7A-48F3-8960-2A6B0ED64A67}.Debug|Any CPU.ActiveCfg = Debug|Any CPU
		{5CD7C0EF-2E7A-48F3-8960-2A6B0ED64A67}.Debug|Any CPU.Build.0 = Debug|Any CPU
		{5CD7C0EF-2E7A-48F3-8960-2A6B0ED64A67}.Release|Any CPU.ActiveCfg = Release|Any CPU
		{5CD7C0EF-2E7A-48F3-8960-2A6B0ED64A67}.Release|Any CPU.Build.0 = Release|Any CPU
		{16989575-B44E-4ECB-968C-A4C86DECDBC4}.Debug|Any CPU.ActiveCfg = Debug|Any CPU
		{16989575-B44E-4ECB-968C-A4C86DECDBC4}.Debug|Any CPU.Build.0 = Debug|Any CPU
		{16989575-B44E-4ECB-968C-A4C86DECDBC4}.Release|Any CPU.ActiveCfg = Release|Any CPU
		{16989575-B44E-4ECB-968C-A4C86DECDBC4}.Release|Any CPU.Build.0 = Release|Any CPU
	EndGlobalSection
	GlobalSection(SolutionProperties) = preSolution
		HideSolutionNode = FALSE
	EndGlobalSection
	GlobalSection(ExtensibilityGlobals) = postSolution
		SolutionGuid = {365A9F02-58C4-4623-9C12-485835132696}
	EndGlobalSection
EndGlobal
